
Microsoft Visual Studio Solution File, Format Version 12.00
# Visual Studio Version 17
VisualStudioVersion = 17.0.31912.275
MinimumVisualStudioVersion = 10.0.40219.1
Project("{FAE04EC0-301F-11D3-BF4B-00C04F79EFBC}") = "P01OrganizacjaKontrolek", "P01OrganizacjaKontrolek\P01OrganizacjaKontrolek.csproj", "{98A9A6D5-D875-4BB6-A1E6-CAC505A78288}"
EndProject
Project("{FAE04EC0-301F-11D3-BF4B-00C04F79EFBC}") = "P02KomunikacjaPomiedzyFormularzami", "P02KomunikacjaPomiedzyFormularzami\P02KomunikacjaPomiedzyFormularzami.csproj", "{D84DE3C1-A297-4BB7-9EEF-DD06B8A7DCB7}"
EndProject
Project("{FAE04EC0-301F-11D3-BF4B-00C04F79EFBC}") = "P03AplikacjaZawodnicy", "P03AplikacjaZawodnicy\P03AplikacjaZawodnicy.csproj", "{284FF31B-769D-4870-A383-B38DED925502}"
EndProject
Global
	GlobalSection(SolutionConfigurationPlatforms) = preSolution
		Debug|Any CPU = Debug|Any CPU
		Release|Any CPU = Release|Any CPU
	EndGlobalSection
	GlobalSection(ProjectConfigurationPlatforms) = postSolution
		{98A9A6D5-D875-4BB6-A1E6-CAC505A78288}.Debug|Any CPU.ActiveCfg = Debug|Any CPU
		{98A9A6D5-D875-4BB6-A1E6-CAC505A78288}.Debug|Any CPU.Build.0 = Debug|Any CPU
		{98A9A6D5-D875-4BB6-A1E6-CAC505A78288}.Release|Any CPU.ActiveCfg = Release|Any CPU
		{98A9A6D5-D875-4BB6-A1E6-CAC505A78288}.Release|Any CPU.Build.0 = Release|Any CPU
		{D84DE3C1-A297-4BB7-9EEF-DD06B8A7DCB7}.Debug|Any CPU.ActiveCfg = Debug|Any CPU
		{D84DE3C1-A297-4BB7-9EEF-DD06B8A7DCB7}.Debug|Any CPU.Build.0 = Debug|Any CPU
		{D84DE3C1-A297-4BB7-9EEF-DD06B8A7DCB7}.Release|Any CPU.ActiveCfg = Release|Any CPU
		{D84DE3C1-A297-4BB7-9EEF-DD06B8A7DCB7}.Release|Any CPU.Build.0 = Release|Any CPU
		{284FF31B-769D-4870-A383-B38DED925502}.Debug|Any CPU.ActiveCfg = Debug|Any CPU
		{284FF31B-769D-4870-A383-B38DED925502}.Debug|Any CPU.Build.0 = Debug|Any CPU
		{284FF31B-769D-4870-A383-B38DED925502}.Release|Any CPU.ActiveCfg = Release|Any CPU
		{284FF31B-769D-4870-A383-B38DED925502}.Release|Any CPU.Build.0 = Release|Any CPU
	EndGlobalSection
	GlobalSection(SolutionProperties) = preSolution
		HideSolutionNode = FALSE
	EndGlobalSection
	GlobalSection(ExtensibilityGlobals) = postSolution
		SolutionGuid = {F0CEF5D0-7E12-4D81-B50F-DA8518095DCC}
	EndGlobalSection
EndGlobal
